
Microsoft Visual Studio Solution File, Format Version 12.00
# Visual Studio 15
Project("{FAE04EC0-301F-11D3-BF4B-00C04F79EFBC}") = "Assembly-CSharp", "Assembly-CSharp.csproj", "{7CB2EB66-45A1-AB3A-7B42-54D8C0D216BF}"
EndProject
Project("{FAE04EC0-301F-11D3-BF4B-00C04F79EFBC}") = "Assembly-CSharp-Editor", "Assembly-CSharp-Editor.csproj", "{D9674EAF-6366-DF4E-F58B-B0B7C244B38A}"
EndProject
Global
	GlobalSection(SolutionConfigurationPlatforms) = preSolution
		Debug|Any CPU = Debug|Any CPU
		Release|Any CPU = Release|Any CPU
	EndGlobalSection
	GlobalSection(ProjectConfigurationPlatforms) = postSolution
		{7CB2EB66-45A1-AB3A-7B42-54D8C0D216BF}.Debug|Any CPU.ActiveCfg = Debug|Any CPU
		{7CB2EB66-45A1-AB3A-7B42-54D8C0D216BF}.Debug|Any CPU.Build.0 = Debug|Any CPU
		{7CB2EB66-45A1-AB3A-7B42-54D8C0D216BF}.Release|Any CPU.ActiveCfg = Release|Any CPU
		{7CB2EB66-45A1-AB3A-7B42-54D8C0D216BF}.Release|Any CPU.Build.0 = Release|Any CPU
		{D9674EAF-6366-DF4E-F58B-B0B7C244B38A}.Debug|Any CPU.ActiveCfg = Debug|Any CPU
		{D9674EAF-6366-DF4E-F58B-B0B7C244B38A}.Debug|Any CPU.Build.0 = Debug|Any CPU
		{D9674EAF-6366-DF4E-F58B-B0B7C244B38A}.Release|Any CPU.ActiveCfg = Release|Any CPU
		{D9674EAF-6366-DF4E-F58B-B0B7C244B38A}.Release|Any CPU.Build.0 = Release|Any CPU
	EndGlobalSection
	GlobalSection(SolutionProperties) = preSolution
		HideSolutionNode = FALSE
	EndGlobalSection
EndGlobal
